
Microsoft Visual Studio Solution File, Format Version 12.00
# Visual Studio 15
VisualStudioVersion = 15.0.27130.2010
MinimumVisualStudioVersion = 10.0.40219.1
Project("{9A19103F-16F7-4668-BE54-9A1E7A4F7556}") = "EnvironmentTestTool", "EnvironmentTestTool\EnvironmentTestTool.csproj", "{EEB0B8BC-E16E-4386-A27A-7902C8CE079C}"
EndProject
Global
	GlobalSection(SolutionConfigurationPlatforms) = preSolution
		Debug|Any CPU = Debug|Any CPU
		Release|Any CPU = Release|Any CPU
	EndGlobalSection
	GlobalSection(ProjectConfigurationPlatforms) = postSolution
		{EEB0B8BC-E16E-4386-A27A-7902C8CE079C}.Debug|Any CPU.ActiveCfg = Debug|Any CPU
		{EEB0B8BC-E16E-4386-A27A-7902C8CE079C}.Debug|Any CPU.Build.0 = Debug|Any CPU
		{EEB0B8BC-E16E-4386-A27A-7902C8CE079C}.Release|Any CPU.ActiveCfg = Release|Any CPU
		{EEB0B8BC-E16E-4386-A27A-7902C8CE079C}.Release|Any CPU.Build.0 = Release|Any CPU
	EndGlobalSection
	GlobalSection(SolutionProperties) = preSolution
		HideSolutionNode = FALSE
	EndGlobalSection
	GlobalSection(ExtensibilityGlobals) = postSolution
		SolutionGuid = {2B748091-92C6-4378-AC3F-BD52800E468A}
	EndGlobalSection
EndGlobal
